{
  "name": "updev-tui-tests",
  "lockfileVersion": 3,
  "requires": true,
  "packages": {
    "": {
      "name": "updev-tui-tests",
      "dependencies": {
        "@microsoft/shell-use": "0.0.1-beta.6",
        "@resvg/resvg-js": "2.6.2",
        "odiff-bin": "4.5.0"
      },
      "engines": {
        "node": ">=20"
      }
    },
    "node_modules/@microsoft/shell-use": {
      "version": "0.0.1-beta.6",
      "resolved": "https://registry.npmjs.org/@microsoft/shell-use/-/shell-use-0.0.1-beta.6.tgz",
      "integrity": "sha512-3aVyFiTJgLUEv1qkBSX77+7BUTl5mpURVOZovntBCzTPaLUbFrehp1ti5069t87K+6S3AJnPni0Vh48K3Z0TEQ==",
      "license": "MIT",
      "engines": {
        "node": ">=20"
      },
      "optionalDependencies": {
        "@microsoft/shell-use-darwin-arm64": "0.0.1-beta.6",
        "@microsoft/shell-use-darwin-x64": "0.0.1-beta.6",
        "@microsoft/shell-use-linux-arm64-gnu": "0.0.1-beta.6",
        "@microsoft/shell-use-linux-arm64-musl": "0.0.1-beta.6",
        "@microsoft/shell-use-linux-x64-gnu": "0.0.1-beta.6",
        "@microsoft/shell-use-linux-x64-musl": "0.0.1-beta.6",
        "@microsoft/shell-use-win32-arm64-msvc": "0.0.1-beta.6",
        "@microsoft/shell-use-win32-x64-msvc": "0.0.1-beta.6"
      }
    },
    "node_modules/@microsoft/shell-use-darwin-arm64": {
      "version": "0.0.1-beta.6",
      "resolved": "https://registry.npmjs.org/@microsoft/shell-use-darwin-arm64/-/shell-use-darwin-arm64-0.0.1-beta.6.tgz",
      "integrity": "sha512-Lp9akC1J8yfglkiMJNPtxHCGBCYBAPomnc/etgqhDLrB2vYEw+Lo23kcK6CIKlXGrix29jxwr12Kln7s7Re9ow==",
      "cpu": [
        "arm64"
      ],
      "license": "MIT",
      "optional": true,
      "os": [
        "darwin"
      ],
      "engines": {
        "node": ">=20"
      }
    },
    "node_modules/@microsoft/shell-use-darwin-x64": {
      "version": "0.0.1-beta.6",
      "resolved": "https://registry.npmjs.org/@microsoft/shell-use-darwin-x64/-/shell-use-darwin-x64-0.0.1-beta.6.tgz",
      "integrity": "sha512-ZdlTI4DjSJqjbh9b809cIuuM+5+Uts+qlfzr3lcgNgtMOr1KQBnMq5gm6cm9We1gVvGZQwn+LTabfIx880ew3w==",
      "cpu": [
        "x64"
      ],
      "license": "MIT",
      "optional": true,
      "os": [
        "darwin"
      ],
      "engines": {
        "node": ">=20"
      }
    },
    "node_modules/@microsoft/shell-use-linux-arm64-gnu": {
      "version": "0.0.1-beta.6",
      "resolved": "https://registry.npmjs.org/@microsoft/shell-use-linux-arm64-gnu/-/shell-use-linux-arm64-gnu-0.0.1-beta.6.tgz",
      "integrity": "sha512-ymVFNdCLQff2jkG0aaRbzfkGhNyjanB3lahXKvz/Zb0vLO6Cb+d5/GIsK7MUTCfgvj3Yks/wZCy/wxCiHPn/Gg==",
      "cpu": [
        "arm64"
      ],
      "libc": [
        "glibc"
      ],
      "license": "MIT",
      "optional": true,
      "os": [
        "linux"
      ],
      "engines": {
        "node": ">=20"
      }
    },
    "node_modules/@microsoft/shell-use-linux-arm64-musl": {
      "version": "0.0.1-beta.6",
      "resolved": "https://registry.npmjs.org/@microsoft/shell-use-linux-arm64-musl/-/shell-use-linux-arm64-musl-0.0.1-beta.6.tgz",
      "integrity": "sha512-HG7/7vweEsPiH9DipE8Oz3ub76zXz6YVpO9JDUlWy5D6tz9kyxvnac1JRZ9Zj7KNrou5PBpxA+IL6xvt3fJeDw==",
      "cpu": [
        "arm64"
      ],
      "libc": [
        "musl"
      ],
      "license": "MIT",
      "optional": true,
      "os": [
        "linux"
      ],
      "engines": {
        "node": ">=20"
      }
    },
    "node_modules/@microsoft/shell-use-linux-x64-gnu": {
      "version": "0.0.1-beta.6",
      "resolved": "https://registry.npmjs.org/@microsoft/shell-use-linux-x64-gnu/-/shell-use-linux-x64-gnu-0.0.1-beta.6.tgz",
      "integrity": "sha512-ss3L6vNTOnrEnT3O+S6qliCiad8+wYTzkxMohfOBTkYi46nGOIeKhWBequsbzb8XjSYzhxfqmBxqsaNLg9b80g==",
      "cpu": [
        "x64"
      ],
      "libc": [
        "glibc"
      ],
      "license": "MIT",
      "optional": true,
      "os": [
        "linux"
      ],
      "engines": {
        "node": ">=20"
      }
    },
    "node_modules/@microsoft/shell-use-linux-x64-musl": {
      "version": "0.0.1-beta.6",
      "resolved": "https://registry.npmjs.org/@microsoft/shell-use-linux-x64-musl/-/shell-use-linux-x64-musl-0.0.1-beta.6.tgz",
      "integrity": "sha512-KC3FPPOHYEzdGG0WYY1p2zByWLsWcR/eM77pBf2gg8A5RWI5Lmm0CvCU9Djqu+GFVW7xoNSem/jr1+D93sAo3Q==",
      "cpu": [
        "x64"
      ],
      "libc": [
        "musl"
      ],
      "license": "MIT",
      "optional": true,
      "os": [
        "linux"
      ],
      "engines": {
        "node": ">=20"
      }
    },
    "node_modules/@microsoft/shell-use-win32-arm64-msvc": {
      "version": "0.0.1-beta.6",
      "resolved": "https://registry.npmjs.org/@microsoft/shell-use-win32-arm64-msvc/-/shell-use-win32-arm64-msvc-0.0.1-beta.6.tgz",
      "integrity": "sha512-a47ViMm1MVtK6VJ3cC5qiE8U1ntne69gPTIs9LpRflacFlQ+yQcUr/0R/fgpV2QzhEkLKXtTHyY77jz36NMevw==",
      "cpu": [
        "arm64"
      ],
      "license": "MIT",
      "optional": true,
      "os": [
        "win32"
      ],
      "engines": {
        "node": ">=20"
      }
    },
    "node_modules/@microsoft/shell-use-win32-x64-msvc": {
      "version": "0.0.1-beta.6",
      "resolved": "https://registry.npmjs.org/@microsoft/shell-use-win32-x64-msvc/-/shell-use-win32-x64-msvc-0.0.1-beta.6.tgz",
      "integrity": "sha512-sB8nA+v3c7pqhA71v+I9ckIWUwqeNbZqktMYmKe5p86DJ6ZDHz+nkmrnH0PBnTqVlbfstJeoBijXWMwePbJwaQ==",
      "cpu": [
        "x64"
      ],
      "license": "MIT",
      "optional": true,
      "os": [
        "win32"
      ],
      "engines": {
        "node": ">=20"
      }
    },
    "node_modules/@odiff/darwin-arm64": {
      "version": "4.5.0",
      "resolved": "https://registry.npmjs.org/@odiff/darwin-arm64/-/darwin-arm64-4.5.0.tgz",
      "integrity": "sha512-fztpr/73BNwJqua2xSjGaxkZr9xMVDqYFIKFnZS/MAW1MzHg6lN9r0kno2aY9FSIbCyE6c6/0MqbHs/+AkDhXw==",
      "cpu": [
        "arm64"
      ],
      "license": "MIT",
      "optional": true,
      "os": [
        "darwin"
      ]
    },
    "node_modules/@odiff/darwin-x64": {
      "version": "4.5.0",
      "resolved": "https://registry.npmjs.org/@odiff/darwin-x64/-/darwin-x64-4.5.0.tgz",
      "integrity": "sha512-UXm/Ak+arL5tP8fwUNKR8vuuUGtm9aYOPS2oLzhkoV5/GfK5vY09nusW6Z5c5ka9VYQQyDHRKOUieXTIZKNdxg==",
      "cpu": [
        "x64"
      ],
      "license": "MIT",
      "optional": true,
      "os": [
        "darwin"
      ]
    },
    "node_modules/@odiff/linux-arm64": {
      "version": "4.5.0",
      "resolved": "https://registry.npmjs.org/@odiff/linux-arm64/-/linux-arm64-4.5.0.tgz",
      "integrity": "sha512-tAuSZSW4H6D6rscqpTtZ68dzK+FxbeSSzJHfJqcAmn9k7WWzXIseNRH6XLgFQE8t3bY1u6DqtOxQbE7nQV3ciw==",
      "cpu": [
        "arm64"
      ],
      "license": "MIT",
      "optional": true,
      "os": [
        "linux"
      ]
    },
    "node_modules/@odiff/linux-riscv64": {
      "version": "4.5.0",
      "resolved": "https://registry.npmjs.org/@odiff/linux-riscv64/-/linux-riscv64-4.5.0.tgz",
      "integrity": "sha512-LZ42duK8HpPWNTJplqPufQWD9d5ce26imO1DOHWJoq6sGrYaNaihHJNXOX6EV363lmSEeEZNXZr+xOMgOGJoVg==",
      "cpu": [
        "riscv64"
      ],
      "license": "MIT",
      "optional": true,
      "os": [
        "linux"
      ]
    },
    "node_modules/@odiff/linux-x64": {
      "version": "4.5.0",
      "resolved": "https://registry.npmjs.org/@odiff/linux-x64/-/linux-x64-4.5.0.tgz",
      "integrity": "sha512-9Png/tO5M70Btcsv68wvIGk2GXIbc2CAw71rbeSOyUm7acFK/rOOCt5m4aJR4ZPC+bqEpB5RBp0kccNv9/Ji3A==",
      "cpu": [
        "x64"
      ],
      "license": "MIT",
      "optional": true,
      "os": [
        "linux"
      ]
    },
    "node_modules/@odiff/win32-arm64": {
      "version": "4.5.0",
      "resolved": "https://registry.npmjs.org/@odiff/win32-arm64/-/win32-arm64-4.5.0.tgz",
      "integrity": "sha512-Icz19TRoJXU6hEHppbEd8p4bGhDkE/aeECC/lnQuMMrUE14Meqmj+8Dwr+9/KWifIqDhgebwtH8wnNwH98x5/A==",
      "cpu": [
        "arm64"
      ],
      "license": "MIT",
      "optional": true,
      "os": [
        "win32"
      ]
    },
    "node_modules/@odiff/win32-x64": {
      "version": "4.5.0",
      "resolved": "https://registry.npmjs.org/@odiff/win32-x64/-/win32-x64-4.5.0.tgz",
      "integrity": "sha512-KSwUwFSmIbLxM+aJPrQggqLhMD+AUJMtsxX531Oiskp1n3z3o2V/6meIBdY6w7ZXb6ZvU/M1WjojPViCqiQFLw==",
      "cpu": [
        "x64"
      ],
      "license": "MIT",
      "optional": true,
      "os": [
        "win32"
      ]
    },
    "node_modules/@resvg/resvg-js": {
      "version": "2.6.2",
      "resolved": "https://registry.npmjs.org/@resvg/resvg-js/-/resvg-js-2.6.2.tgz",
      "integrity": "sha512-xBaJish5OeGmniDj9cW5PRa/PtmuVU3ziqrbr5xJj901ZDN4TosrVaNZpEiLZAxdfnhAe7uQ7QFWfjPe9d9K2Q==",
      "license": "MPL-2.0",
      "engines": {
        "node": ">= 10"
      },
      "optionalDependencies": {
        "@resvg/resvg-js-android-arm-eabi": "2.6.2",
        "@resvg/resvg-js-android-arm64": "2.6.2",
        "@resvg/resvg-js-darwin-arm64": "2.6.2",
        "@resvg/resvg-js-darwin-x64": "2.6.2",
        "@resvg/resvg-js-linux-arm-gnueabihf": "2.6.2",
        "@resvg/resvg-js-linux-arm64-gnu": "2.6.2",
        "@resvg/resvg-js-linux-arm64-musl": "2.6.2",
        "@resvg/resvg-js-linux-x64-gnu": "2.6.2",
        "@resvg/resvg-js-linux-x64-musl": "2.6.2",
        "@resvg/resvg-js-win32-arm64-msvc": "2.6.2",
        "@resvg/resvg-js-win32-ia32-msvc": "2.6.2",
        "@resvg/resvg-js-win32-x64-msvc": "2.6.2"
      }
    },
    "node_modules/@resvg/resvg-js-android-arm-eabi": {
      "version": "2.6.2",
      "resolved": "https://registry.npmjs.org/@resvg/resvg-js-android-arm-eabi/-/resvg-js-android-arm-eabi-2.6.2.tgz",
      "integrity": "sha512-FrJibrAk6v29eabIPgcTUMPXiEz8ssrAk7TXxsiZzww9UTQ1Z5KAbFJs+Z0Ez+VZTYgnE5IQJqBcoSiMebtPHA==",
      "cpu": [
        "arm"
      ],
      "license": "MPL-2.0",
      "optional": true,
      "os": [
        "android"
      ],
      "engines": {
        "node": ">= 10"
      }
    },
    "node_modules/@resvg/resvg-js-android-arm64": {
      "version": "2.6.2",
      "resolved": "https://registry.npmjs.org/@resvg/resvg-js-android-arm64/-/resvg-js-android-arm64-2.6.2.tgz",
      "integrity": "sha512-VcOKezEhm2VqzXpcIJoITuvUS/fcjIw5NA/w3tjzWyzmvoCdd+QXIqy3FBGulWdClvp4g+IfUemigrkLThSjAQ==",
      "cpu": [
        "arm64"
      ],
      "license": "MPL-2.0",
      "optional": true,
      "os": [
        "android"
      ],
      "engines": {
        "node": ">= 10"
      }
    },
    "node_modules/@resvg/resvg-js-darwin-arm64": {
      "version": "2.6.2",
      "resolved": "https://registry.npmjs.org/@resvg/resvg-js-darwin-arm64/-/resvg-js-darwin-arm64-2.6.2.tgz",
      "integrity": "sha512-nmok2LnAd6nLUKI16aEB9ydMC6Lidiiq2m1nEBDR1LaaP7FGs4AJ90qDraxX+CWlVuRlvNjyYJTNv8qFjtL9+A==",
      "cpu": [
        "arm64"
      ],
      "license": "MPL-2.0",
      "optional": true,
      "os": [
        "darwin"
      ],
      "engines": {
        "node": ">= 10"
      }
    },
    "node_modules/@resvg/resvg-js-darwin-x64": {
      "version": "2.6.2",
      "resolved": "https://registry.npmjs.org/@resvg/resvg-js-darwin-x64/-/resvg-js-darwin-x64-2.6.2.tgz",
      "integrity": "sha512-GInyZLjgWDfsVT6+SHxQVRwNzV0AuA1uqGsOAW+0th56J7Nh6bHHKXHBWzUrihxMetcFDmQMAX1tZ1fZDYSRsw==",
      "cpu": [
        "x64"
      ],
      "license": "MPL-2.0",
      "optional": true,
      "os": [
        "darwin"
      ],
      "engines": {
        "node": ">= 10"
      }
    },
    "node_modules/@resvg/resvg-js-linux-arm-gnueabihf": {
      "version": "2.6.2",
      "resolved": "https://registry.npmjs.org/@resvg/resvg-js-linux-arm-gnueabihf/-/resvg-js-linux-arm-gnueabihf-2.6.2.tgz",
      "integrity": "sha512-YIV3u/R9zJbpqTTNwTZM5/ocWetDKGsro0SWp70eGEM9eV2MerWyBRZnQIgzU3YBnSBQ1RcxRZvY/UxwESfZIw==",
      "cpu": [
        "arm"
      ],
      "license": "MPL-2.0",
      "optional": true,
      "os": [
        "linux"
      ],
      "engines": {
        "node": ">= 10"
      }
    },
    "node_modules/@resvg/resvg-js-linux-arm64-gnu": {
      "version": "2.6.2",
      "resolved": "https://registry.npmjs.org/@resvg/resvg-js-linux-arm64-gnu/-/resvg-js-linux-arm64-gnu-2.6.2.tgz",
      "integrity": "sha512-zc2BlJSim7YR4FZDQ8OUoJg5holYzdiYMeobb9pJuGDidGL9KZUv7SbiD4E8oZogtYY42UZEap7dqkkYuA91pg==",
      "cpu": [
        "arm64"
      ],
      "libc": [
        "glibc"
      ],
      "license": "MPL-2.0",
      "optional": true,
      "os": [
        "linux"
      ],
      "engines": {
        "node": ">= 10"
      }
    },
    "node_modules/@resvg/resvg-js-linux-arm64-musl": {
      "version": "2.6.2",
      "resolved": "https://registry.npmjs.org/@resvg/resvg-js-linux-arm64-musl/-/resvg-js-linux-arm64-musl-2.6.2.tgz",
      "integrity": "sha512-3h3dLPWNgSsD4lQBJPb4f+kvdOSJHa5PjTYVsWHxLUzH4IFTJUAnmuWpw4KqyQ3NA5QCyhw4TWgxk3jRkQxEKg==",
      "cpu": [
        "arm64"
      ],
      "libc": [
        "musl"
      ],
      "license": "MPL-2.0",
      "optional": true,
      "os": [
        "linux"
      ],
      "engines": {
        "node": ">= 10"
      }
    },
    "node_modules/@resvg/resvg-js-linux-x64-gnu": {
      "version": "2.6.2",
      "resolved": "https://registry.npmjs.org/@resvg/resvg-js-linux-x64-gnu/-/resvg-js-linux-x64-gnu-2.6.2.tgz",
      "integrity": "sha512-IVUe+ckIerA7xMZ50duAZzwf1U7khQe2E0QpUxu5MBJNao5RqC0zwV/Zm965vw6D3gGFUl7j4m+oJjubBVoftw==",
      "cpu": [
        "x64"
      ],
      "libc": [
        "glibc"
      ],
      "license": "MPL-2.0",
      "optional": true,
      "os": [
        "linux"
      ],
      "engines": {
        "node": ">= 10"
      }
    },
    "node_modules/@resvg/resvg-js-linux-x64-musl": {
      "version": "2.6.2",
      "resolved": "https://registry.npmjs.org/@resvg/resvg-js-linux-x64-musl/-/resvg-js-linux-x64-musl-2.6.2.tgz",
      "integrity": "sha512-UOf83vqTzoYQO9SZ0fPl2ZIFtNIz/Rr/y+7X8XRX1ZnBYsQ/tTb+cj9TE+KHOdmlTFBxhYzVkP2lRByCzqi4jQ==",
      "cpu": [
        "x64"
      ],
      "libc": [
        "musl"
      ],
      "license": "MPL-2.0",
      "optional": true,
      "os": [
        "linux"
      ],
      "engines": {
        "node": ">= 10"
      }
    },
    "node_modules/@resvg/resvg-js-win32-arm64-msvc": {
      "version": "2.6.2",
      "resolved": "https://registry.npmjs.org/@resvg/resvg-js-win32-arm64-msvc/-/resvg-js-win32-arm64-msvc-2.6.2.tgz",
      "integrity": "sha512-7C/RSgCa+7vqZ7qAbItfiaAWhyRSoD4l4BQAbVDqRRsRgY+S+hgS3in0Rxr7IorKUpGE69X48q6/nOAuTJQxeQ==",
      "cpu": [
        "arm64"
      ],
      "license": "MPL-2.0",
      "optional": true,
      "os": [
        "win32"
      ],
      "engines": {
        "node": ">= 10"
      }
    },
    "node_modules/@resvg/resvg-js-win32-ia32-msvc": {
      "version": "2.6.2",
      "resolved": "https://registry.npmjs.org/@resvg/resvg-js-win32-ia32-msvc/-/resvg-js-win32-ia32-msvc-2.6.2.tgz",
      "integrity": "sha512-har4aPAlvjnLcil40AC77YDIk6loMawuJwFINEM7n0pZviwMkMvjb2W5ZirsNOZY4aDbo5tLx0wNMREp5Brk+w==",
      "cpu": [
        "ia32"
      ],
      "license": "MPL-2.0",
      "optional": true,
      "os": [
        "win32"
      ],
      "engines": {
        "node": ">= 10"
      }
    },
    "node_modules/@resvg/resvg-js-win32-x64-msvc": {
      "version": "2.6.2",
      "resolved": "https://registry.npmjs.org/@resvg/resvg-js-win32-x64-msvc/-/resvg-js-win32-x64-msvc-2.6.2.tgz",
      "integrity": "sha512-ZXtYhtUr5SSaBrUDq7DiyjOFJqBVL/dOBN7N/qmi/pO0IgiWW/f/ue3nbvu9joWE5aAKDoIzy/CxsY0suwGosQ==",
      "cpu": [
        "x64"
      ],
      "license": "MPL-2.0",
      "optional": true,
      "os": [
        "win32"
      ],
      "engines": {
        "node": ">= 10"
      }
    },
    "node_modules/odiff-bin": {
      "version": "4.5.0",
      "resolved": "https://registry.npmjs.org/odiff-bin/-/odiff-bin-4.5.0.tgz",
      "integrity": "sha512-FaXidbI0XDLCjLAet5n5OvRDfr6Fwt/C5SyWPfwgSUvYhCej1rjZjDXb/xdk+N6yTOCeAFaJ5mwTmU4ZthvPaA==",
      "license": "MIT",
      "bin": {
        "odiff": "bin/odiff"
      },
      "optionalDependencies": {
        "@odiff/darwin-arm64": "4.5.0",
        "@odiff/darwin-x64": "4.5.0",
        "@odiff/linux-arm64": "4.5.0",
        "@odiff/linux-riscv64": "4.5.0",
        "@odiff/linux-x64": "4.5.0",
        "@odiff/win32-arm64": "4.5.0",
        "@odiff/win32-x64": "4.5.0"
      }
    }
  }
}
